
Microsoft Visual Studio Solution File, Format Version 12.00
# Visual Studio Version 17
VisualStudioVersion = 17.5.33530.505
MinimumVisualStudioVersion = 10.0.40219.1
Project("{FAE04EC0-301F-11D3-BF4B-00C04F79EFBC}") = "SocialNetwork.Domain", "SocialNetwork.Domain\SocialNetwork.Domain.csproj", "{D92E3EA3-D694-4BD9-B828-3FD24C92695C}"
EndProject
Project("{FAE04EC0-301F-11D3-BF4B-00C04F79EFBC}") = "SocialNetwork.Forms", "SocialNetwork.Forms\SocialNetwork.Forms.csproj", "{CD424BCB-84DF-4CC3-A311-43AB96E6C433}"
EndProject
Global
	GlobalSection(SolutionConfigurationPlatforms) = preSolution
		Debug|Any CPU = Debug|Any CPU
		Release|Any CPU = Release|Any CPU
	EndGlobalSection
	GlobalSection(ProjectConfigurationPlatforms) = postSolution
		{D92E3EA3-D694-4BD9-B828-3FD24C92695C}.Debug|Any CPU.ActiveCfg = Debug|Any CPU
		{D92E3EA3-D694-4BD9-B828-3FD24C92695C}.Debug|Any CPU.Build.0 = Debug|Any CPU
		{D92E3EA3-D694-4BD9-B828-3FD24C92695C}.Release|Any CPU.ActiveCfg = Release|Any CPU
		{D92E3EA3-D694-4BD9-B828-3FD24C92695C}.Release|Any CPU.Build.0 = Release|Any CPU
		{CD424BCB-84DF-4CC3-A311-43AB96E6C433}.Debug|Any CPU.ActiveCfg = Debug|Any CPU
		{CD424BCB-84DF-4CC3-A311-43AB96E6C433}.Debug|Any CPU.Build.0 = Debug|Any CPU
		{CD424BCB-84DF-4CC3-A311-43AB96E6C433}.Release|Any CPU.ActiveCfg = Release|Any CPU
		{CD424BCB-84DF-4CC3-A311-43AB96E6C433}.Release|Any CPU.Build.0 = Release|Any CPU
	EndGlobalSection
	GlobalSection(SolutionProperties) = preSolution
		HideSolutionNode = FALSE
	EndGlobalSection
	GlobalSection(ExtensibilityGlobals) = postSolution
		SolutionGuid = {9D6404F2-DD25-4808-B646-F0BDDB4119AA}
	EndGlobalSection
EndGlobal
